<?xml version="1.0" encoding="utf-8"?>
<Project ToolsVersion="4.0" xmlns="http://schemas.microsoft.com/developer/msbuild/2003">
  <ItemGroup>
    <Filter Include="src">
      <UniqueIdentifier>{6aa8e27e-608c-45e6-8678-1592b38bd124}</UniqueIdentifier>
    </Filter>
    <Filter Include="src\AutoTagger">
      <UniqueIdentifier>{0afa8b2a-3875-413d-993b-7c89f2403502}</UniqueIdentifier>
    </Filter>
    <Filter Include="src\AutoTagger\Scraper">
      <UniqueIdentifier>{7197c3b1-9080-4a8b-a536-e7f5795eb83b}</UniqueIdentifier>
    </Filter>
    <Filter Include="src\AutoTagger\Request">
      <UniqueIdentifier>{80828ef1-4abe-4a50-8ed5-b627aa757ae1}</UniqueIdentifier>
    </Filter>
    <Filter Include="external">
      <UniqueIdentifier>{507d7701-387c-4eaf-bc6c-df8390d5bce7}</UniqueIdentifier>
    </Filter>
    <Filter Include="external\libxml2">
      <UniqueIdentifier>{06aa4652-bad7-430b-aeb3-55209c16a265}</UniqueIdentifier>
    </Filter>
    <Filter Include="external\libxml2\include">
      <UniqueIdentifier>{a7346ec9-f062-4110-a2f6-3b8fdb249e2f}</UniqueIdentifier>
    </Filter>
    <Filter Include="external\libxml2\include\libxml">
      <UniqueIdentifier>{d9677ab9-aad7-463e-bff0-4ed4db7af1ff}</UniqueIdentifier>
    </Filter>
    <Filter Include="external\iconv">
      <UniqueIdentifier>{5c63c9c0-a123-40ea-92db-15a4f7609bd0}</UniqueIdentifier>
    </Filter>
    <Filter Include="external\iconv\include">
      <UniqueIdentifier>{2b8eaf34-e5e4-4844-9479-b8bdfec7e4aa}</UniqueIdentifier>
    </Filter>
    <Filter Include="external\libxml2++">
      <UniqueIdentifier>{a9ffe67b-c5b4-4565-a68f-8b8b4ed7628c}</UniqueIdentifier>
    </Filter>
    <Filter Include="external\libxml2++\libxml++">
      <UniqueIdentifier>{9c1d8fbf-2610-4071-8c71-a434781acacb}</UniqueIdentifier>
    </Filter>
    <Filter Include="external\libxml2++\libxml++\exceptions">
      <UniqueIdentifier>{af51ea4a-4ec3-45d4-a595-282502d2bad8}</UniqueIdentifier>
    </Filter>
    <Filter Include="external\libxml2++\libxml++\io">
      <UniqueIdentifier>{c62eaac8-bd08-4345-9db3-5ea8a594034f}</UniqueIdentifier>
    </Filter>
    <Filter Include="external\libxml2++\libxml++\validators">
      <UniqueIdentifier>{291a3fad-fd2f-4366-96a1-ff07fcc9e1da}</UniqueIdentifier>
    </Filter>
    <Filter Include="external\libxml2++\libxml++\parsers">
      <UniqueIdentifier>{882e8127-e68c-450f-8bcc-593e920dc492}</UniqueIdentifier>
    </Filter>
    <Filter Include="external\libxml2++\libxml++\nodes">
      <UniqueIdentifier>{57cc3402-9957-48e6-a53d-561048512790}</UniqueIdentifier>
    </Filter>
    <Filter Include="src\AutoTagger\libxml_plus">
      <UniqueIdentifier>{653af158-febb-4b9c-9d73-c6260d1e8107}</UniqueIdentifier>
    </Filter>
    <Filter Include="external\taglib">
      <UniqueIdentifier>{aa4ad915-c5c2-4a84-baf8-dd249db9a53d}</UniqueIdentifier>
    </Filter>
    <Filter Include="external\taglib\taglib">
      <UniqueIdentifier>{2f27e404-f9b5-4cb2-bfcc-83c0a5b78728}</UniqueIdentifier>
    </Filter>
    <Filter Include="external\taglib\taglib\ape">
      <UniqueIdentifier>{01a83dcd-8db3-47ae-bc69-c5c397f11ba8}</UniqueIdentifier>
    </Filter>
    <Filter Include="external\taglib\taglib\asf">
      <UniqueIdentifier>{2134e069-4912-4738-962f-e1fcb3b19211}</UniqueIdentifier>
    </Filter>
    <Filter Include="external\taglib\taglib\flac">
      <UniqueIdentifier>{684a6b74-9231-4c85-891a-da58b6850776}</UniqueIdentifier>
    </Filter>
    <Filter Include="external\taglib\taglib\it">
      <UniqueIdentifier>{fd53eebd-3181-40d5-958c-d2eb2f8261c6}</UniqueIdentifier>
    </Filter>
    <Filter Include="external\taglib\taglib\mod">
      <UniqueIdentifier>{c0c4c9da-b0f6-4683-a6e5-1f4720e12f87}</UniqueIdentifier>
    </Filter>
    <Filter Include="external\taglib\taglib\mp4">
      <UniqueIdentifier>{e9cf3df7-cd18-4d16-b790-aebd60e63b5f}</UniqueIdentifier>
    </Filter>
    <Filter Include="external\taglib\taglib\mpc">
      <UniqueIdentifier>{af7c3d5a-016e-4d2a-a7b7-e9dfed06bf0d}</UniqueIdentifier>
    </Filter>
    <Filter Include="external\taglib\taglib\mpeg">
      <UniqueIdentifier>{50d828aa-49c2-4a75-b5d8-6b6ec8486dd4}</UniqueIdentifier>
    </Filter>
    <Filter Include="external\taglib\taglib\xm">
      <UniqueIdentifier>{d133969e-31a7-4bd0-a54b-78cc55747c59}</UniqueIdentifier>
    </Filter>
    <Filter Include="external\taglib\taglib\wavpack">
      <UniqueIdentifier>{fdad289d-ad9d-42b1-8135-9370e4ebbd5e}</UniqueIdentifier>
    </Filter>
    <Filter Include="external\taglib\taglib\trueaudio">
      <UniqueIdentifier>{1576a0e5-b6b6-43e3-adf0-c45364091f98}</UniqueIdentifier>
    </Filter>
    <Filter Include="external\taglib\taglib\toolkit">
      <UniqueIdentifier>{9eeab870-4647-46ac-85e4-326cba69911b}</UniqueIdentifier>
    </Filter>
    <Filter Include="external\taglib\taglib\s3m">
      <UniqueIdentifier>{138b0c6b-6e11-4f1e-a8ee-b50219f92e04}</UniqueIdentifier>
    </Filter>
    <Filter Include="external\taglib\taglib\riff">
      <UniqueIdentifier>{fa170956-31ec-419b-97aa-233bb1f94ef2}</UniqueIdentifier>
    </Filter>
    <Filter Include="external\taglib\taglib\ogg">
      <UniqueIdentifier>{30deaf5a-080f-49c6-a0eb-2d7d54d2ac99}</UniqueIdentifier>
    </Filter>
    <Filter Include="external\taglib\taglib\mpeg\id3v1">
      <UniqueIdentifier>{87e5ad3a-15ae-48c3-b491-9df7ffac9a0e}</UniqueIdentifier>
    </Filter>
    <Filter Include="external\taglib\taglib\mpeg\id3v2">
      <UniqueIdentifier>{3d66568d-787f-4186-b5d9-de1df2231460}</UniqueIdentifier>
    </Filter>
    <Filter Include="external\taglib\taglib\mpeg\id3v2\frames">
      <UniqueIdentifier>{5ffa4d88-03b5-4336-a04a-72985bfbbacf}</UniqueIdentifier>
    </Filter>
    <Filter Include="external\taglib\taglib\ogg\flac">
      <UniqueIdentifier>{c7905138-6f1c-4957-9755-e2f6a5e2e6a6}</UniqueIdentifier>
    </Filter>
    <Filter Include="external\taglib\taglib\ogg\vorbis">
      <UniqueIdentifier>{af084d07-7b3d-4f1e-811d-f751c42f741c}</UniqueIdentifier>
    </Filter>
    <Filter Include="external\taglib\taglib\ogg\speex">
      <UniqueIdentifier>{7e41e004-8bb9-4b29-b35f-d4bb55eb7d2e}</UniqueIdentifier>
    </Filter>
    <Filter Include="external\taglib\taglib\ogg\opus">
      <UniqueIdentifier>{165d0bfe-7c4c-4b9f-b566-2673dc1c7299}</UniqueIdentifier>
    </Filter>
    <Filter Include="external\taglib\taglib\riff\aiff">
      <UniqueIdentifier>{8f97876c-1ef9-49be-b45d-087d5adf33e9}</UniqueIdentifier>
    </Filter>
    <Filter Include="external\taglib\taglib\riff\wav">
      <UniqueIdentifier>{b649a92a-f91e-4243-9101-ca97aee2903d}</UniqueIdentifier>
    </Filter>
    <Filter Include="src\AutoTagger\Tagger">
      <UniqueIdentifier>{c1e15382-95f5-49d7-afeb-6fc3838829c9}</UniqueIdentifier>
    </Filter>
    <Filter Include="external\rapidjson">
      <UniqueIdentifier>{b5dbb3cb-6f14-40cd-9920-b4184497e737}</UniqueIdentifier>
    </Filter>
    <Filter Include="external\rapidjson\include">
      <UniqueIdentifier>{d36e4b8d-bae0-4534-95ef-193823a6c4dd}</UniqueIdentifier>
    </Filter>
    <Filter Include="external\rapidjson\include\rapidjson">
      <UniqueIdentifier>{fad43631-e480-4d3d-8ad4-52ac983aaef9}</UniqueIdentifier>
    </Filter>
    <Filter Include="external\rapidjson\include\rapidjson\internal">
      <UniqueIdentifier>{85c2413c-89c9-4c8e-94e7-7ea1d9ac2727}</UniqueIdentifier>
    </Filter>
    <Filter Include="external\dirent">
      <UniqueIdentifier>{83e6c8a6-329b-4b55-b367-ffcfd364d2a9}</UniqueIdentifier>
    </Filter>
    <Filter Include="external\dirent\include">
      <UniqueIdentifier>{4a119a19-504d-4f3f-bd3f-1f4dae7c1178}</UniqueIdentifier>
    </Filter>
  </ItemGroup>
  <ItemGroup>
    <ClCompile Include="src\main.cpp">
      <Filter>src</Filter>
    </ClCompile>
    <ClCompile Include="src\AutoTagger\Request\WebRequest.cpp">
      <Filter>src\AutoTagger\Request</Filter>
    </ClCompile>
    <ClCompile Include="src\AutoTagger\Scraper\AppleScraper.cpp">
      <Filter>src\AutoTagger\Scraper</Filter>
    </ClCompile>
    <ClCompile Include="external\libxml2++\libxml++\attribute.cc">
      <Filter>external\libxml2++\libxml++</Filter>
    </ClCompile>
    <ClCompile Include="external\libxml2++\libxml++\attributedeclaration.cc">
      <Filter>external\libxml2++\libxml++</Filter>
    </ClCompile>
    <ClCompile Include="external\libxml2++\libxml++\attributenode.cc">
      <Filter>external\libxml2++\libxml++</Filter>
    </ClCompile>
    <ClCompile Include="external\libxml2++\libxml++\document.cc">
      <Filter>external\libxml2++\libxml++</Filter>
    </ClCompile>
    <ClCompile Include="external\libxml2++\libxml++\dtd.cc">
      <Filter>external\libxml2++\libxml++</Filter>
    </ClCompile>
    <ClCompile Include="external\libxml2++\libxml++\keepblanks.cc">
      <Filter>external\libxml2++\libxml++</Filter>
    </ClCompile>
    <ClCompile Include="external\libxml2++\libxml++\noncopyable.cc">
      <Filter>external\libxml2++\libxml++</Filter>
    </ClCompile>
    <ClCompile Include="external\libxml2++\libxml++\relaxngschema.cc">
      <Filter>external\libxml2++\libxml++</Filter>
    </ClCompile>
    <ClCompile Include="external\libxml2++\libxml++\schema.cc">
      <Filter>external\libxml2++\libxml++</Filter>
    </ClCompile>
    <ClCompile Include="external\libxml2++\libxml++\schemabase.cc">
      <Filter>external\libxml2++\libxml++</Filter>
    </ClCompile>
    <ClCompile Include="external\libxml2++\libxml++\xsdschema.cc">
      <Filter>external\libxml2++\libxml++</Filter>
    </ClCompile>
    <ClCompile Include="external\libxml2++\libxml++\exceptions\exception.cc">
      <Filter>external\libxml2++\libxml++\exceptions</Filter>
    </ClCompile>
    <ClCompile Include="external\libxml2++\libxml++\exceptions\internal_error.cc">
      <Filter>external\libxml2++\libxml++\exceptions</Filter>
    </ClCompile>
    <ClCompile Include="external\libxml2++\libxml++\exceptions\parse_error.cc">
      <Filter>external\libxml2++\libxml++\exceptions</Filter>
    </ClCompile>
    <ClCompile Include="external\libxml2++\libxml++\exceptions\validity_error.cc">
      <Filter>external\libxml2++\libxml++\exceptions</Filter>
    </ClCompile>
    <ClCompile Include="external\libxml2++\libxml++\io\istreamparserinputbuffer.cc">
      <Filter>external\libxml2++\libxml++\io</Filter>
    </ClCompile>
    <ClCompile Include="external\libxml2++\libxml++\io\ostreamoutputbuffer.cc">
      <Filter>external\libxml2++\libxml++\io</Filter>
    </ClCompile>
    <ClCompile Include="external\libxml2++\libxml++\io\outputbuffer.cc">
      <Filter>external\libxml2++\libxml++\io</Filter>
    </ClCompile>
    <ClCompile Include="external\libxml2++\libxml++\io\parserinputbuffer.cc">
      <Filter>external\libxml2++\libxml++\io</Filter>
    </ClCompile>
    <ClCompile Include="external\libxml2++\libxml++\nodes\cdatanode.cc">
      <Filter>external\libxml2++\libxml++\nodes</Filter>
    </ClCompile>
    <ClCompile Include="external\libxml2++\libxml++\nodes\commentnode.cc">
      <Filter>external\libxml2++\libxml++\nodes</Filter>
    </ClCompile>
    <ClCompile Include="external\libxml2++\libxml++\nodes\contentnode.cc">
      <Filter>external\libxml2++\libxml++\nodes</Filter>
    </ClCompile>
    <ClCompile Include="external\libxml2++\libxml++\nodes\element.cc">
      <Filter>external\libxml2++\libxml++\nodes</Filter>
    </ClCompile>
    <ClCompile Include="external\libxml2++\libxml++\nodes\entitydeclaration.cc">
      <Filter>external\libxml2++\libxml++\nodes</Filter>
    </ClCompile>
    <ClCompile Include="external\libxml2++\libxml++\nodes\entityreference.cc">
      <Filter>external\libxml2++\libxml++\nodes</Filter>
    </ClCompile>
    <ClCompile Include="external\libxml2++\libxml++\nodes\node.cc">
      <Filter>external\libxml2++\libxml++\nodes</Filter>
    </ClCompile>
    <ClCompile Include="external\libxml2++\libxml++\nodes\processinginstructionnode.cc">
      <Filter>external\libxml2++\libxml++\nodes</Filter>
    </ClCompile>
    <ClCompile Include="external\libxml2++\libxml++\nodes\textnode.cc">
      <Filter>external\libxml2++\libxml++\nodes</Filter>
    </ClCompile>
    <ClCompile Include="external\libxml2++\libxml++\nodes\xincludeend.cc">
      <Filter>external\libxml2++\libxml++\nodes</Filter>
    </ClCompile>
    <ClCompile Include="external\libxml2++\libxml++\nodes\xincludestart.cc">
      <Filter>external\libxml2++\libxml++\nodes</Filter>
    </ClCompile>
    <ClCompile Include="external\libxml2++\libxml++\parsers\domparser.cc">
      <Filter>external\libxml2++\libxml++\parsers</Filter>
    </ClCompile>
    <ClCompile Include="external\libxml2++\libxml++\parsers\parser.cc">
      <Filter>external\libxml2++\libxml++\parsers</Filter>
    </ClCompile>
    <ClCompile Include="external\libxml2++\libxml++\parsers\saxparser.cc">
      <Filter>external\libxml2++\libxml++\parsers</Filter>
    </ClCompile>
    <ClCompile Include="external\libxml2++\libxml++\parsers\textreader.cc">
      <Filter>external\libxml2++\libxml++\parsers</Filter>
    </ClCompile>
    <ClCompile Include="external\libxml2++\libxml++\validators\dtdvalidator.cc">
      <Filter>external\libxml2++\libxml++\validators</Filter>
    </ClCompile>
    <ClCompile Include="external\libxml2++\libxml++\validators\relaxngvalidator.cc">
      <Filter>external\libxml2++\libxml++\validators</Filter>
    </ClCompile>
    <ClCompile Include="external\libxml2++\libxml++\validators\schemavalidator.cc">
      <Filter>external\libxml2++\libxml++\validators</Filter>
    </ClCompile>
    <ClCompile Include="external\libxml2++\libxml++\validators\schemavalidatorbase.cc">
      <Filter>external\libxml2++\libxml++\validators</Filter>
    </ClCompile>
    <ClCompile Include="external\libxml2++\libxml++\validators\validator.cc">
      <Filter>external\libxml2++\libxml++\validators</Filter>
    </ClCompile>
    <ClCompile Include="external\libxml2++\libxml++\validators\xsdvalidator.cc">
      <Filter>external\libxml2++\libxml++\validators</Filter>
    </ClCompile>
    <ClCompile Include="src\AutoTagger\libxml_plus\libxml_plus.cpp">
      <Filter>src\AutoTagger\libxml_plus</Filter>
    </ClCompile>
    <ClCompile Include="external\taglib\taglib\audioproperties.cpp">
      <Filter>external\taglib\taglib</Filter>
    </ClCompile>
    <ClCompile Include="external\taglib\taglib\fileref.cpp">
      <Filter>external\taglib\taglib</Filter>
    </ClCompile>
    <ClCompile Include="external\taglib\taglib\tag.cpp">
      <Filter>external\taglib\taglib</Filter>
    </ClCompile>
    <ClCompile Include="external\taglib\taglib\tagunion.cpp">
      <Filter>external\taglib\taglib</Filter>
    </ClCompile>
    <ClCompile Include="external\taglib\taglib\ape\apefile.cpp">
      <Filter>external\taglib\taglib\ape</Filter>
    </ClCompile>
    <ClCompile Include="external\taglib\taglib\ape\apefooter.cpp">
      <Filter>external\taglib\taglib\ape</Filter>
    </ClCompile>
    <ClCompile Include="external\taglib\taglib\ape\apeitem.cpp">
      <Filter>external\taglib\taglib\ape</Filter>
    </ClCompile>
    <ClCompile Include="external\taglib\taglib\ape\apeproperties.cpp">
      <Filter>external\taglib\taglib\ape</Filter>
    </ClCompile>
    <ClCompile Include="external\taglib\taglib\ape\apetag.cpp">
      <Filter>external\taglib\taglib\ape</Filter>
    </ClCompile>
    <ClCompile Include="external\taglib\taglib\asf\asfattribute.cpp">
      <Filter>external\taglib\taglib\asf</Filter>
    </ClCompile>
    <ClCompile Include="external\taglib\taglib\asf\asffile.cpp">
      <Filter>external\taglib\taglib\asf</Filter>
    </ClCompile>
    <ClCompile Include="external\taglib\taglib\asf\asfpicture.cpp">
      <Filter>external\taglib\taglib\asf</Filter>
    </ClCompile>
    <ClCompile Include="external\taglib\taglib\asf\asfproperties.cpp">
      <Filter>external\taglib\taglib\asf</Filter>
    </ClCompile>
    <ClCompile Include="external\taglib\taglib\asf\asftag.cpp">
      <Filter>external\taglib\taglib\asf</Filter>
    </ClCompile>
    <ClCompile Include="external\taglib\taglib\flac\flacfile.cpp">
      <Filter>external\taglib\taglib\flac</Filter>
    </ClCompile>
    <ClCompile Include="external\taglib\taglib\flac\flacmetadatablock.cpp">
      <Filter>external\taglib\taglib\flac</Filter>
    </ClCompile>
    <ClCompile Include="external\taglib\taglib\flac\flacpicture.cpp">
      <Filter>external\taglib\taglib\flac</Filter>
    </ClCompile>
    <ClCompile Include="external\taglib\taglib\flac\flacproperties.cpp">
      <Filter>external\taglib\taglib\flac</Filter>
    </ClCompile>
    <ClCompile Include="external\taglib\taglib\flac\flacunknownmetadatablock.cpp">
      <Filter>external\taglib\taglib\flac</Filter>
    </ClCompile>
    <ClCompile Include="external\taglib\taglib\it\itfile.cpp">
      <Filter>external\taglib\taglib\it</Filter>
    </ClCompile>
    <ClCompile Include="external\taglib\taglib\it\itproperties.cpp">
      <Filter>external\taglib\taglib\it</Filter>
    </ClCompile>
    <ClCompile Include="external\taglib\taglib\mod\modfile.cpp">
      <Filter>external\taglib\taglib\mod</Filter>
    </ClCompile>
    <ClCompile Include="external\taglib\taglib\mod\modfilebase.cpp">
      <Filter>external\taglib\taglib\mod</Filter>
    </ClCompile>
    <ClCompile Include="external\taglib\taglib\mod\modproperties.cpp">
      <Filter>external\taglib\taglib\mod</Filter>
    </ClCompile>
    <ClCompile Include="external\taglib\taglib\mod\modtag.cpp">
      <Filter>external\taglib\taglib\mod</Filter>
    </ClCompile>
    <ClCompile Include="external\taglib\taglib\mp4\mp4atom.cpp">
      <Filter>external\taglib\taglib\mp4</Filter>
    </ClCompile>
    <ClCompile Include="external\taglib\taglib\mp4\mp4coverart.cpp">
      <Filter>external\taglib\taglib\mp4</Filter>
    </ClCompile>
    <ClCompile Include="external\taglib\taglib\mp4\mp4file.cpp">
      <Filter>external\taglib\taglib\mp4</Filter>
    </ClCompile>
    <ClCompile Include="external\taglib\taglib\mp4\mp4item.cpp">
      <Filter>external\taglib\taglib\mp4</Filter>
    </ClCompile>
    <ClCompile Include="external\taglib\taglib\mp4\mp4properties.cpp">
      <Filter>external\taglib\taglib\mp4</Filter>
    </ClCompile>
    <ClCompile Include="external\taglib\taglib\mp4\mp4tag.cpp">
      <Filter>external\taglib\taglib\mp4</Filter>
    </ClCompile>
    <ClCompile Include="external\taglib\taglib\mpc\mpcfile.cpp">
      <Filter>external\taglib\taglib\mpc</Filter>
    </ClCompile>
    <ClCompile Include="external\taglib\taglib\mpc\mpcproperties.cpp">
      <Filter>external\taglib\taglib\mpc</Filter>
    </ClCompile>
    <ClCompile Include="external\taglib\taglib\mpeg\mpegfile.cpp">
      <Filter>external\taglib\taglib\mpeg</Filter>
    </ClCompile>
    <ClCompile Include="external\taglib\taglib\mpeg\mpegheader.cpp">
      <Filter>external\taglib\taglib\mpeg</Filter>
    </ClCompile>
    <ClCompile Include="external\taglib\taglib\mpeg\mpegproperties.cpp">
      <Filter>external\taglib\taglib\mpeg</Filter>
    </ClCompile>
    <ClCompile Include="external\taglib\taglib\mpeg\xingheader.cpp">
      <Filter>external\taglib\taglib\mpeg</Filter>
    </ClCompile>
    <ClCompile Include="external\taglib\taglib\mpeg\id3v1\id3v1genres.cpp">
      <Filter>external\taglib\taglib\mpeg\id3v1</Filter>
    </ClCompile>
    <ClCompile Include="external\taglib\taglib\mpeg\id3v1\id3v1tag.cpp">
      <Filter>external\taglib\taglib\mpeg\id3v1</Filter>
    </ClCompile>
    <ClCompile Include="external\taglib\taglib\mpeg\id3v2\id3v2extendedheader.cpp">
      <Filter>external\taglib\taglib\mpeg\id3v2</Filter>
    </ClCompile>
    <ClCompile Include="external\taglib\taglib\mpeg\id3v2\id3v2footer.cpp">
      <Filter>external\taglib\taglib\mpeg\id3v2</Filter>
    </ClCompile>
    <ClCompile Include="external\taglib\taglib\mpeg\id3v2\id3v2frame.cpp">
      <Filter>external\taglib\taglib\mpeg\id3v2</Filter>
    </ClCompile>
    <ClCompile Include="external\taglib\taglib\mpeg\id3v2\id3v2framefactory.cpp">
      <Filter>external\taglib\taglib\mpeg\id3v2</Filter>
    </ClCompile>
    <ClCompile Include="external\taglib\taglib\mpeg\id3v2\id3v2header.cpp">
      <Filter>external\taglib\taglib\mpeg\id3v2</Filter>
    </ClCompile>
    <ClCompile Include="external\taglib\taglib\mpeg\id3v2\id3v2synchdata.cpp">
      <Filter>external\taglib\taglib\mpeg\id3v2</Filter>
    </ClCompile>
    <ClCompile Include="external\taglib\taglib\mpeg\id3v2\id3v2tag.cpp">
      <Filter>external\taglib\taglib\mpeg\id3v2</Filter>
    </ClCompile>
    <ClCompile Include="external\taglib\taglib\mpeg\id3v2\frames\attachedpictureframe.cpp">
      <Filter>external\taglib\taglib\mpeg\id3v2\frames</Filter>
    </ClCompile>
    <ClCompile Include="external\taglib\taglib\mpeg\id3v2\frames\commentsframe.cpp">
      <Filter>external\taglib\taglib\mpeg\id3v2\frames</Filter>
    </ClCompile>
    <ClCompile Include="external\taglib\taglib\mpeg\id3v2\frames\generalencapsulatedobjectframe.cpp">
      <Filter>external\taglib\taglib\mpeg\id3v2\frames</Filter>
    </ClCompile>
    <ClCompile Include="external\taglib\taglib\mpeg\id3v2\frames\ownershipframe.cpp">
      <Filter>external\taglib\taglib\mpeg\id3v2\frames</Filter>
    </ClCompile>
    <ClCompile Include="external\taglib\taglib\mpeg\id3v2\frames\popularimeterframe.cpp">
      <Filter>external\taglib\taglib\mpeg\id3v2\frames</Filter>
    </ClCompile>
    <ClCompile Include="external\taglib\taglib\mpeg\id3v2\frames\privateframe.cpp">
      <Filter>external\taglib\taglib\mpeg\id3v2\frames</Filter>
    </ClCompile>
    <ClCompile Include="external\taglib\taglib\mpeg\id3v2\frames\relativevolumeframe.cpp">
      <Filter>external\taglib\taglib\mpeg\id3v2\frames</Filter>
    </ClCompile>
    <ClCompile Include="external\taglib\taglib\mpeg\id3v2\frames\textidentificationframe.cpp">
      <Filter>external\taglib\taglib\mpeg\id3v2\frames</Filter>
    </ClCompile>
    <ClCompile Include="external\taglib\taglib\mpeg\id3v2\frames\uniquefileidentifierframe.cpp">
      <Filter>external\taglib\taglib\mpeg\id3v2\frames</Filter>
    </ClCompile>
    <ClCompile Include="external\taglib\taglib\mpeg\id3v2\frames\unknownframe.cpp">
      <Filter>external\taglib\taglib\mpeg\id3v2\frames</Filter>
    </ClCompile>
    <ClCompile Include="external\taglib\taglib\mpeg\id3v2\frames\unsynchronizedlyricsframe.cpp">
      <Filter>external\taglib\taglib\mpeg\id3v2\frames</Filter>
    </ClCompile>
    <ClCompile Include="external\taglib\taglib\mpeg\id3v2\frames\urllinkframe.cpp">
      <Filter>external\taglib\taglib\mpeg\id3v2\frames</Filter>
    </ClCompile>
    <ClCompile Include="external\taglib\taglib\ogg\oggfile.cpp">
      <Filter>external\taglib\taglib\ogg</Filter>
    </ClCompile>
    <ClCompile Include="external\taglib\taglib\ogg\oggpage.cpp">
      <Filter>external\taglib\taglib\ogg</Filter>
    </ClCompile>
    <ClCompile Include="external\taglib\taglib\ogg\oggpageheader.cpp">
      <Filter>external\taglib\taglib\ogg</Filter>
    </ClCompile>
    <ClCompile Include="external\taglib\taglib\ogg\xiphcomment.cpp">
      <Filter>external\taglib\taglib\ogg</Filter>
    </ClCompile>
    <ClCompile Include="external\taglib\taglib\ogg\flac\oggflacfile.cpp">
      <Filter>external\taglib\taglib\ogg\flac</Filter>
    </ClCompile>
    <ClCompile Include="external\taglib\taglib\ogg\opus\opusfile.cpp">
      <Filter>external\taglib\taglib\ogg\opus</Filter>
    </ClCompile>
    <ClCompile Include="external\taglib\taglib\ogg\opus\opusproperties.cpp">
      <Filter>external\taglib\taglib\ogg\opus</Filter>
    </ClCompile>
    <ClCompile Include="external\taglib\taglib\ogg\speex\speexfile.cpp">
      <Filter>external\taglib\taglib\ogg\speex</Filter>
    </ClCompile>
    <ClCompile Include="external\taglib\taglib\ogg\speex\speexproperties.cpp">
      <Filter>external\taglib\taglib\ogg\speex</Filter>
    </ClCompile>
    <ClCompile Include="external\taglib\taglib\ogg\vorbis\vorbisfile.cpp">
      <Filter>external\taglib\taglib\ogg\vorbis</Filter>
    </ClCompile>
    <ClCompile Include="external\taglib\taglib\ogg\vorbis\vorbisproperties.cpp">
      <Filter>external\taglib\taglib\ogg\vorbis</Filter>
    </ClCompile>
    <ClCompile Include="external\taglib\taglib\riff\rifffile.cpp">
      <Filter>external\taglib\taglib\riff</Filter>
    </ClCompile>
    <ClCompile Include="external\taglib\taglib\riff\aiff\aifffile.cpp">
      <Filter>external\taglib\taglib\riff\aiff</Filter>
    </ClCompile>
    <ClCompile Include="external\taglib\taglib\riff\aiff\aiffproperties.cpp">
      <Filter>external\taglib\taglib\riff\aiff</Filter>
    </ClCompile>
    <ClCompile Include="external\taglib\taglib\riff\wav\infotag.cpp">
      <Filter>external\taglib\taglib\riff\wav</Filter>
    </ClCompile>
    <ClCompile Include="external\taglib\taglib\riff\wav\wavfile.cpp">
      <Filter>external\taglib\taglib\riff\wav</Filter>
    </ClCompile>
    <ClCompile Include="external\taglib\taglib\riff\wav\wavproperties.cpp">
      <Filter>external\taglib\taglib\riff\wav</Filter>
    </ClCompile>
    <ClCompile Include="external\taglib\taglib\s3m\s3mfile.cpp">
      <Filter>external\taglib\taglib\s3m</Filter>
    </ClCompile>
    <ClCompile Include="external\taglib\taglib\s3m\s3mproperties.cpp">
      <Filter>external\taglib\taglib\s3m</Filter>
    </ClCompile>
    <ClCompile Include="external\taglib\taglib\toolkit\tbytevector.cpp">
      <Filter>external\taglib\taglib\toolkit</Filter>
    </ClCompile>
    <ClCompile Include="external\taglib\taglib\toolkit\tbytevectorlist.cpp">
      <Filter>external\taglib\taglib\toolkit</Filter>
    </ClCompile>
    <ClCompile Include="external\taglib\taglib\toolkit\tbytevectorstream.cpp">
      <Filter>external\taglib\taglib\toolkit</Filter>
    </ClCompile>
    <ClCompile Include="external\taglib\taglib\toolkit\tdebug.cpp">
      <Filter>external\taglib\taglib\toolkit</Filter>
    </ClCompile>
    <ClCompile Include="external\taglib\taglib\toolkit\tdebuglistener.cpp">
      <Filter>external\taglib\taglib\toolkit</Filter>
    </ClCompile>
    <ClCompile Include="external\taglib\taglib\toolkit\tfile.cpp">
      <Filter>external\taglib\taglib\toolkit</Filter>
    </ClCompile>
    <ClCompile Include="external\taglib\taglib\toolkit\tfilestream.cpp">
      <Filter>external\taglib\taglib\toolkit</Filter>
    </ClCompile>
    <ClCompile Include="external\taglib\taglib\toolkit\tiostream.cpp">
      <Filter>external\taglib\taglib\toolkit</Filter>
    </ClCompile>
    <ClCompile Include="external\taglib\taglib\toolkit\tpropertymap.cpp">
      <Filter>external\taglib\taglib\toolkit</Filter>
    </ClCompile>
    <ClCompile Include="external\taglib\taglib\toolkit\trefcounter.cpp">
      <Filter>external\taglib\taglib\toolkit</Filter>
    </ClCompile>
    <ClCompile Include="external\taglib\taglib\toolkit\tstring.cpp">
      <Filter>external\taglib\taglib\toolkit</Filter>
    </ClCompile>
    <ClCompile Include="external\taglib\taglib\toolkit\tstringlist.cpp">
      <Filter>external\taglib\taglib\toolkit</Filter>
    </ClCompile>
    <ClCompile Include="external\taglib\taglib\toolkit\unicode.cpp">
      <Filter>external\taglib\taglib\toolkit</Filter>
    </ClCompile>
    <ClCompile Include="external\taglib\taglib\trueaudio\trueaudiofile.cpp">
      <Filter>external\taglib\taglib\trueaudio</Filter>
    </ClCompile>
    <ClCompile Include="external\taglib\taglib\trueaudio\trueaudioproperties.cpp">
      <Filter>external\taglib\taglib\trueaudio</Filter>
    </ClCompile>
    <ClCompile Include="external\taglib\taglib\wavpack\wavpackfile.cpp">
      <Filter>external\taglib\taglib\wavpack</Filter>
    </ClCompile>
    <ClCompile Include="external\taglib\taglib\wavpack\wavpackproperties.cpp">
      <Filter>external\taglib\taglib\wavpack</Filter>
    </ClCompile>
    <ClCompile Include="external\taglib\taglib\xm\xmfile.cpp">
      <Filter>external\taglib\taglib\xm</Filter>
    </ClCompile>
    <ClCompile Include="external\taglib\taglib\xm\xmproperties.cpp">
      <Filter>external\taglib\taglib\xm</Filter>
    </ClCompile>
    <ClCompile Include="src\AutoTagger\Tagger\Tagger.cpp">
      <Filter>src\AutoTagger\Tagger</Filter>
    </ClCompile>
    <ClCompile Include="src\AutoTagger\Scraper\iTunesLookupScraper.cpp">
      <Filter>src\AutoTagger\Scraper</Filter>
    </ClCompile>
  </ItemGroup>
  <ItemGroup>
    <ClInclude Include="src\AutoTagger\AutoTagger.h">
      <Filter>src\AutoTagger</Filter>
    </ClInclude>
    <ClInclude Include="src\AutoTagger\Request\WebRequest.h">
      <Filter>src\AutoTagger\Request</Filter>
    </ClInclude>
    <ClInclude Include="src\AutoTagger\Scraper\Scraper.h">
      <Filter>src\AutoTagger\Scraper</Filter>
    </ClInclude>
    <ClInclude Include="src\AutoTagger\Scraper\AppleScraper.h">
      <Filter>src\AutoTagger\Scraper</Filter>
    </ClInclude>
    <ClInclude Include="external\libxml2\include\libxml\c14n.h">
      <Filter>external\libxml2\include\libxml</Filter>
    </ClInclude>
    <ClInclude Include="external\libxml2\include\libxml\catalog.h">
      <Filter>external\libxml2\include\libxml</Filter>
    </ClInclude>
    <ClInclude Include="external\libxml2\include\libxml\chvalid.h">
      <Filter>external\libxml2\include\libxml</Filter>
    </ClInclude>
    <ClInclude Include="external\libxml2\include\libxml\debugXML.h">
      <Filter>external\libxml2\include\libxml</Filter>
    </ClInclude>
    <ClInclude Include="external\libxml2\include\libxml\dict.h">
      <Filter>external\libxml2\include\libxml</Filter>
    </ClInclude>
    <ClInclude Include="external\libxml2\include\libxml\DOCBparser.h">
      <Filter>external\libxml2\include\libxml</Filter>
    </ClInclude>
    <ClInclude Include="external\libxml2\include\libxml\encoding.h">
      <Filter>external\libxml2\include\libxml</Filter>
    </ClInclude>
    <ClInclude Include="external\libxml2\include\libxml\entities.h">
      <Filter>external\libxml2\include\libxml</Filter>
    </ClInclude>
    <ClInclude Include="external\libxml2\include\libxml\globals.h">
      <Filter>external\libxml2\include\libxml</Filter>
    </ClInclude>
    <ClInclude Include="external\libxml2\include\libxml\hash.h">
      <Filter>external\libxml2\include\libxml</Filter>
    </ClInclude>
    <ClInclude Include="external\libxml2\include\libxml\HTMLparser.h">
      <Filter>external\libxml2\include\libxml</Filter>
    </ClInclude>
    <ClInclude Include="external\libxml2\include\libxml\HTMLtree.h">
      <Filter>external\libxml2\include\libxml</Filter>
    </ClInclude>
    <ClInclude Include="external\libxml2\include\libxml\list.h">
      <Filter>external\libxml2\include\libxml</Filter>
    </ClInclude>
    <ClInclude Include="external\libxml2\include\libxml\nanoftp.h">
      <Filter>external\libxml2\include\libxml</Filter>
    </ClInclude>
    <ClInclude Include="external\libxml2\include\libxml\nanohttp.h">
      <Filter>external\libxml2\include\libxml</Filter>
    </ClInclude>
    <ClInclude Include="external\libxml2\include\libxml\parser.h">
      <Filter>external\libxml2\include\libxml</Filter>
    </ClInclude>
    <ClInclude Include="external\libxml2\include\libxml\parserInternals.h">
      <Filter>external\libxml2\include\libxml</Filter>
    </ClInclude>
    <ClInclude Include="external\libxml2\include\libxml\pattern.h">
      <Filter>external\libxml2\include\libxml</Filter>
    </ClInclude>
    <ClInclude Include="external\libxml2\include\libxml\relaxng.h">
      <Filter>external\libxml2\include\libxml</Filter>
    </ClInclude>
    <ClInclude Include="external\libxml2\include\libxml\SAX.h">
      <Filter>external\libxml2\include\libxml</Filter>
    </ClInclude>
    <ClInclude Include="external\libxml2\include\libxml\SAX2.h">
      <Filter>external\libxml2\include\libxml</Filter>
    </ClInclude>
    <ClInclude Include="external\libxml2\include\libxml\schemasInternals.h">
      <Filter>external\libxml2\include\libxml</Filter>
    </ClInclude>
    <ClInclude Include="external\libxml2\include\libxml\schematron.h">
      <Filter>external\libxml2\include\libxml</Filter>
    </ClInclude>
    <ClInclude Include="external\libxml2\include\libxml\threads.h">
      <Filter>external\libxml2\include\libxml</Filter>
    </ClInclude>
    <ClInclude Include="external\libxml2\include\libxml\tree.h">
      <Filter>external\libxml2\include\libxml</Filter>
    </ClInclude>
    <ClInclude Include="external\libxml2\include\libxml\uri.h">
      <Filter>external\libxml2\include\libxml</Filter>
    </ClInclude>
    <ClInclude Include="external\libxml2\include\libxml\valid.h">
      <Filter>external\libxml2\include\libxml</Filter>
    </ClInclude>
    <ClInclude Include="external\libxml2\include\libxml\xinclude.h">
      <Filter>external\libxml2\include\libxml</Filter>
    </ClInclude>
    <ClInclude Include="external\libxml2\include\libxml\xlink.h">
      <Filter>external\libxml2\include\libxml</Filter>
    </ClInclude>
    <ClInclude Include="external\libxml2\include\libxml\xmlautomata.h">
      <Filter>external\libxml2\include\libxml</Filter>
    </ClInclude>
    <ClInclude Include="external\libxml2\include\libxml\xmlerror.h">
      <Filter>external\libxml2\include\libxml</Filter>
    </ClInclude>
    <ClInclude Include="external\libxml2\include\libxml\xmlexports.h">
      <Filter>external\libxml2\include\libxml</Filter>
    </ClInclude>
    <ClInclude Include="external\libxml2\include\libxml\xmlIO.h">
      <Filter>external\libxml2\include\libxml</Filter>
    </ClInclude>
    <ClInclude Include="external\libxml2\include\libxml\xmlmemory.h">
      <Filter>external\libxml2\include\libxml</Filter>
    </ClInclude>
    <ClInclude Include="external\libxml2\include\libxml\xmlmodule.h">
      <Filter>external\libxml2\include\libxml</Filter>
    </ClInclude>
    <ClInclude Include="external\libxml2\include\libxml\xmlreader.h">
      <Filter>external\libxml2\include\libxml</Filter>
    </ClInclude>
    <ClInclude Include="external\libxml2\include\libxml\xmlregexp.h">
      <Filter>external\libxml2\include\libxml</Filter>
    </ClInclude>
    <ClInclude Include="external\libxml2\include\libxml\xmlsave.h">
      <Filter>external\libxml2\include\libxml</Filter>
    </ClInclude>
    <ClInclude Include="external\libxml2\include\libxml\xmlschemas.h">
      <Filter>external\libxml2\include\libxml</Filter>
    </ClInclude>
    <ClInclude Include="external\libxml2\include\libxml\xmlschemastypes.h">
      <Filter>external\libxml2\include\libxml</Filter>
    </ClInclude>
    <ClInclude Include="external\libxml2\include\libxml\xmlstring.h">
      <Filter>external\libxml2\include\libxml</Filter>
    </ClInclude>
    <ClInclude Include="external\libxml2\include\libxml\xmlunicode.h">
      <Filter>external\libxml2\include\libxml</Filter>
    </ClInclude>
    <ClInclude Include="external\libxml2\include\libxml\xmlversion.h">
      <Filter>external\libxml2\include\libxml</Filter>
    </ClInclude>
    <ClInclude Include="external\libxml2\include\libxml\xmlwriter.h">
      <Filter>external\libxml2\include\libxml</Filter>
    </ClInclude>
    <ClInclude Include="external\libxml2\include\libxml\xpath.h">
      <Filter>external\libxml2\include\libxml</Filter>
    </ClInclude>
    <ClInclude Include="external\libxml2\include\libxml\xpathInternals.h">
      <Filter>external\libxml2\include\libxml</Filter>
    </ClInclude>
    <ClInclude Include="external\libxml2\include\libxml\xpointer.h">
      <Filter>external\libxml2\include\libxml</Filter>
    </ClInclude>
    <ClInclude Include="external\iconv\include\iconv.h">
      <Filter>external\iconv\include</Filter>
    </ClInclude>
    <ClInclude Include="external\libxml2++\libxml++config.h">
      <Filter>external\libxml2++</Filter>
    </ClInclude>
    <ClInclude Include="external\libxml2++\libxml++\attribute.h">
      <Filter>external\libxml2++\libxml++</Filter>
    </ClInclude>
    <ClInclude Include="external\libxml2++\libxml++\attributedeclaration.h">
      <Filter>external\libxml2++\libxml++</Filter>
    </ClInclude>
    <ClInclude Include="external\libxml2++\libxml++\attributenode.h">
      <Filter>external\libxml2++\libxml++</Filter>
    </ClInclude>
    <ClInclude Include="external\libxml2++\libxml++\document.h">
      <Filter>external\libxml2++\libxml++</Filter>
    </ClInclude>
    <ClInclude Include="external\libxml2++\libxml++\dtd.h">
      <Filter>external\libxml2++\libxml++</Filter>
    </ClInclude>
    <ClInclude Include="external\libxml2++\libxml++\keepblanks.h">
      <Filter>external\libxml2++\libxml++</Filter>
    </ClInclude>
    <ClInclude Include="external\libxml2++\libxml++\libxml++.h">
      <Filter>external\libxml2++\libxml++</Filter>
    </ClInclude>
    <ClInclude Include="external\libxml2++\libxml++\noncopyable.h">
      <Filter>external\libxml2++\libxml++</Filter>
    </ClInclude>
    <ClInclude Include="external\libxml2++\libxml++\relaxngschema.h">
      <Filter>external\libxml2++\libxml++</Filter>
    </ClInclude>
    <ClInclude Include="external\libxml2++\libxml++\schema.h">
      <Filter>external\libxml2++\libxml++</Filter>
    </ClInclude>
    <ClInclude Include="external\libxml2++\libxml++\schemabase.h">
      <Filter>external\libxml2++\libxml++</Filter>
    </ClInclude>
    <ClInclude Include="external\libxml2++\libxml++\xsdschema.h">
      <Filter>external\libxml2++\libxml++</Filter>
    </ClInclude>
    <ClInclude Include="external\libxml2++\libxml++\exceptions\exception.h">
      <Filter>external\libxml2++\libxml++\exceptions</Filter>
    </ClInclude>
    <ClInclude Include="external\libxml2++\libxml++\exceptions\internal_error.h">
      <Filter>external\libxml2++\libxml++\exceptions</Filter>
    </ClInclude>
    <ClInclude Include="external\libxml2++\libxml++\exceptions\parse_error.h">
      <Filter>external\libxml2++\libxml++\exceptions</Filter>
    </ClInclude>
    <ClInclude Include="external\libxml2++\libxml++\exceptions\validity_error.h">
      <Filter>external\libxml2++\libxml++\exceptions</Filter>
    </ClInclude>
    <ClInclude Include="external\libxml2++\libxml++\io\istreamparserinputbuffer.h">
      <Filter>external\libxml2++\libxml++\io</Filter>
    </ClInclude>
    <ClInclude Include="external\libxml2++\libxml++\io\ostreamoutputbuffer.h">
      <Filter>external\libxml2++\libxml++\io</Filter>
    </ClInclude>
    <ClInclude Include="external\libxml2++\libxml++\io\outputbuffer.h">
      <Filter>external\libxml2++\libxml++\io</Filter>
    </ClInclude>
    <ClInclude Include="external\libxml2++\libxml++\io\parserinputbuffer.h">
      <Filter>external\libxml2++\libxml++\io</Filter>
    </ClInclude>
    <ClInclude Include="external\libxml2++\libxml++\nodes\cdatanode.h">
      <Filter>external\libxml2++\libxml++\nodes</Filter>
    </ClInclude>
    <ClInclude Include="external\libxml2++\libxml++\nodes\commentnode.h">
      <Filter>external\libxml2++\libxml++\nodes</Filter>
    </ClInclude>
    <ClInclude Include="external\libxml2++\libxml++\nodes\contentnode.h">
      <Filter>external\libxml2++\libxml++\nodes</Filter>
    </ClInclude>
    <ClInclude Include="external\libxml2++\libxml++\nodes\element.h">
      <Filter>external\libxml2++\libxml++\nodes</Filter>
    </ClInclude>
    <ClInclude Include="external\libxml2++\libxml++\nodes\entitydeclaration.h">
      <Filter>external\libxml2++\libxml++\nodes</Filter>
    </ClInclude>
    <ClInclude Include="external\libxml2++\libxml++\nodes\entityreference.h">
      <Filter>external\libxml2++\libxml++\nodes</Filter>
    </ClInclude>
    <ClInclude Include="external\libxml2++\libxml++\nodes\node.h">
      <Filter>external\libxml2++\libxml++\nodes</Filter>
    </ClInclude>
    <ClInclude Include="external\libxml2++\libxml++\nodes\processinginstructionnode.h">
      <Filter>external\libxml2++\libxml++\nodes</Filter>
    </ClInclude>
    <ClInclude Include="external\libxml2++\libxml++\nodes\textnode.h">
      <Filter>external\libxml2++\libxml++\nodes</Filter>
    </ClInclude>
    <ClInclude Include="external\libxml2++\libxml++\nodes\xincludeend.h">
      <Filter>external\libxml2++\libxml++\nodes</Filter>
    </ClInclude>
    <ClInclude Include="external\libxml2++\libxml++\nodes\xincludestart.h">
      <Filter>external\libxml2++\libxml++\nodes</Filter>
    </ClInclude>
    <ClInclude Include="external\libxml2++\libxml++\parsers\domparser.h">
      <Filter>external\libxml2++\libxml++\parsers</Filter>
    </ClInclude>
    <ClInclude Include="external\libxml2++\libxml++\parsers\parser.h">
      <Filter>external\libxml2++\libxml++\parsers</Filter>
    </ClInclude>
    <ClInclude Include="external\libxml2++\libxml++\parsers\saxparser.h">
      <Filter>external\libxml2++\libxml++\parsers</Filter>
    </ClInclude>
    <ClInclude Include="external\libxml2++\libxml++\parsers\textreader.h">
      <Filter>external\libxml2++\libxml++\parsers</Filter>
    </ClInclude>
    <ClInclude Include="external\libxml2++\libxml++\validators\dtdvalidator.h">
      <Filter>external\libxml2++\libxml++\validators</Filter>
    </ClInclude>
    <ClInclude Include="external\libxml2++\libxml++\validators\relaxngvalidator.h">
      <Filter>external\libxml2++\libxml++\validators</Filter>
    </ClInclude>
    <ClInclude Include="external\libxml2++\libxml++\validators\schemavalidator.h">
      <Filter>external\libxml2++\libxml++\validators</Filter>
    </ClInclude>
    <ClInclude Include="external\libxml2++\libxml++\validators\schemavalidatorbase.h">
      <Filter>external\libxml2++\libxml++\validators</Filter>
    </ClInclude>
    <ClInclude Include="external\libxml2++\libxml++\validators\validator.h">
      <Filter>external\libxml2++\libxml++\validators</Filter>
    </ClInclude>
    <ClInclude Include="external\libxml2++\libxml++\validators\xsdvalidator.h">
      <Filter>external\libxml2++\libxml++\validators</Filter>
    </ClInclude>
    <ClInclude Include="src\AutoTagger\libxml_plus\libxml_plus.h">
      <Filter>src\AutoTagger\libxml_plus</Filter>
    </ClInclude>
    <ClInclude Include="external\taglib\taglib\audioproperties.h">
      <Filter>external\taglib\taglib</Filter>
    </ClInclude>
    <ClInclude Include="external\taglib\taglib\fileref.h">
      <Filter>external\taglib\taglib</Filter>
    </ClInclude>
    <ClInclude Include="external\taglib\taglib\tag.h">
      <Filter>external\taglib\taglib</Filter>
    </ClInclude>
    <ClInclude Include="external\taglib\taglib\taglib_config.h">
      <Filter>external\taglib\taglib</Filter>
    </ClInclude>
    <ClInclude Include="external\taglib\taglib\taglib_export.h">
      <Filter>external\taglib\taglib</Filter>
    </ClInclude>
    <ClInclude Include="external\taglib\taglib\tagunion.h">
      <Filter>external\taglib\taglib</Filter>
    </ClInclude>
    <ClInclude Include="external\taglib\taglib\ape\apefile.h">
      <Filter>external\taglib\taglib\ape</Filter>
    </ClInclude>
    <ClInclude Include="external\taglib\taglib\ape\apefooter.h">
      <Filter>external\taglib\taglib\ape</Filter>
    </ClInclude>
    <ClInclude Include="external\taglib\taglib\ape\apeitem.h">
      <Filter>external\taglib\taglib\ape</Filter>
    </ClInclude>
    <ClInclude Include="external\taglib\taglib\ape\apeproperties.h">
      <Filter>external\taglib\taglib\ape</Filter>
    </ClInclude>
    <ClInclude Include="external\taglib\taglib\ape\apetag.h">
      <Filter>external\taglib\taglib\ape</Filter>
    </ClInclude>
    <ClInclude Include="external\taglib\taglib\asf\asfattribute.h">
      <Filter>external\taglib\taglib\asf</Filter>
    </ClInclude>
    <ClInclude Include="external\taglib\taglib\asf\asffile.h">
      <Filter>external\taglib\taglib\asf</Filter>
    </ClInclude>
    <ClInclude Include="external\taglib\taglib\asf\asfpicture.h">
      <Filter>external\taglib\taglib\asf</Filter>
    </ClInclude>
    <ClInclude Include="external\taglib\taglib\asf\asfproperties.h">
      <Filter>external\taglib\taglib\asf</Filter>
    </ClInclude>
    <ClInclude Include="external\taglib\taglib\asf\asftag.h">
      <Filter>external\taglib\taglib\asf</Filter>
    </ClInclude>
    <ClInclude Include="external\taglib\taglib\flac\flacfile.h">
      <Filter>external\taglib\taglib\flac</Filter>
    </ClInclude>
    <ClInclude Include="external\taglib\taglib\flac\flacmetadatablock.h">
      <Filter>external\taglib\taglib\flac</Filter>
    </ClInclude>
    <ClInclude Include="external\taglib\taglib\flac\flacpicture.h">
      <Filter>external\taglib\taglib\flac</Filter>
    </ClInclude>
    <ClInclude Include="external\taglib\taglib\flac\flacproperties.h">
      <Filter>external\taglib\taglib\flac</Filter>
    </ClInclude>
    <ClInclude Include="external\taglib\taglib\flac\flacunknownmetadatablock.h">
      <Filter>external\taglib\taglib\flac</Filter>
    </ClInclude>
    <ClInclude Include="external\taglib\taglib\it\itfile.h">
      <Filter>external\taglib\taglib\it</Filter>
    </ClInclude>
    <ClInclude Include="external\taglib\taglib\it\itproperties.h">
      <Filter>external\taglib\taglib\it</Filter>
    </ClInclude>
    <ClInclude Include="external\taglib\taglib\mod\modfile.h">
      <Filter>external\taglib\taglib\mod</Filter>
    </ClInclude>
    <ClInclude Include="external\taglib\taglib\mod\modfilebase.h">
      <Filter>external\taglib\taglib\mod</Filter>
    </ClInclude>
    <ClInclude Include="external\taglib\taglib\mod\modfileprivate.h">
      <Filter>external\taglib\taglib\mod</Filter>
    </ClInclude>
    <ClInclude Include="external\taglib\taglib\mod\modproperties.h">
      <Filter>external\taglib\taglib\mod</Filter>
    </ClInclude>
    <ClInclude Include="external\taglib\taglib\mod\modtag.h">
      <Filter>external\taglib\taglib\mod</Filter>
    </ClInclude>
    <ClInclude Include="external\taglib\taglib\mp4\mp4atom.h">
      <Filter>external\taglib\taglib\mp4</Filter>
    </ClInclude>
    <ClInclude Include="external\taglib\taglib\mp4\mp4coverart.h">
      <Filter>external\taglib\taglib\mp4</Filter>
    </ClInclude>
    <ClInclude Include="external\taglib\taglib\mp4\mp4file.h">
      <Filter>external\taglib\taglib\mp4</Filter>
    </ClInclude>
    <ClInclude Include="external\taglib\taglib\mp4\mp4item.h">
      <Filter>external\taglib\taglib\mp4</Filter>
    </ClInclude>
    <ClInclude Include="external\taglib\taglib\mp4\mp4properties.h">
      <Filter>external\taglib\taglib\mp4</Filter>
    </ClInclude>
    <ClInclude Include="external\taglib\taglib\mp4\mp4tag.h">
      <Filter>external\taglib\taglib\mp4</Filter>
    </ClInclude>
    <ClInclude Include="external\taglib\taglib\mpc\mpcfile.h">
      <Filter>external\taglib\taglib\mpc</Filter>
    </ClInclude>
    <ClInclude Include="external\taglib\taglib\mpc\mpcproperties.h">
      <Filter>external\taglib\taglib\mpc</Filter>
    </ClInclude>
    <ClInclude Include="external\taglib\taglib\mpeg\mpegfile.h">
      <Filter>external\taglib\taglib\mpeg</Filter>
    </ClInclude>
    <ClInclude Include="external\taglib\taglib\mpeg\mpegheader.h">
      <Filter>external\taglib\taglib\mpeg</Filter>
    </ClInclude>
    <ClInclude Include="external\taglib\taglib\mpeg\mpegproperties.h">
      <Filter>external\taglib\taglib\mpeg</Filter>
    </ClInclude>
    <ClInclude Include="external\taglib\taglib\mpeg\xingheader.h">
      <Filter>external\taglib\taglib\mpeg</Filter>
    </ClInclude>
    <ClInclude Include="external\taglib\taglib\mpeg\id3v1\id3v1genres.h">
      <Filter>external\taglib\taglib\mpeg\id3v1</Filter>
    </ClInclude>
    <ClInclude Include="external\taglib\taglib\mpeg\id3v1\id3v1tag.h">
      <Filter>external\taglib\taglib\mpeg\id3v1</Filter>
    </ClInclude>
    <ClInclude Include="external\taglib\taglib\mpeg\id3v2\id3v2extendedheader.h">
      <Filter>external\taglib\taglib\mpeg\id3v2</Filter>
    </ClInclude>
    <ClInclude Include="external\taglib\taglib\mpeg\id3v2\id3v2footer.h">
      <Filter>external\taglib\taglib\mpeg\id3v2</Filter>
    </ClInclude>
    <ClInclude Include="external\taglib\taglib\mpeg\id3v2\id3v2frame.h">
      <Filter>external\taglib\taglib\mpeg\id3v2</Filter>
    </ClInclude>
    <ClInclude Include="external\taglib\taglib\mpeg\id3v2\id3v2framefactory.h">
      <Filter>external\taglib\taglib\mpeg\id3v2</Filter>
    </ClInclude>
    <ClInclude Include="external\taglib\taglib\mpeg\id3v2\id3v2header.h">
      <Filter>external\taglib\taglib\mpeg\id3v2</Filter>
    </ClInclude>
    <ClInclude Include="external\taglib\taglib\mpeg\id3v2\id3v2synchdata.h">
      <Filter>external\taglib\taglib\mpeg\id3v2</Filter>
    </ClInclude>
    <ClInclude Include="external\taglib\taglib\mpeg\id3v2\id3v2tag.h">
      <Filter>external\taglib\taglib\mpeg\id3v2</Filter>
    </ClInclude>
    <ClInclude Include="external\taglib\taglib\mpeg\id3v2\frames\attachedpictureframe.h">
      <Filter>external\taglib\taglib\mpeg\id3v2\frames</Filter>
    </ClInclude>
    <ClInclude Include="external\taglib\taglib\mpeg\id3v2\frames\commentsframe.h">
      <Filter>external\taglib\taglib\mpeg\id3v2\frames</Filter>
    </ClInclude>
    <ClInclude Include="external\taglib\taglib\mpeg\id3v2\frames\generalencapsulatedobjectframe.h">
      <Filter>external\taglib\taglib\mpeg\id3v2\frames</Filter>
    </ClInclude>
    <ClInclude Include="external\taglib\taglib\mpeg\id3v2\frames\ownershipframe.h">
      <Filter>external\taglib\taglib\mpeg\id3v2\frames</Filter>
    </ClInclude>
    <ClInclude Include="external\taglib\taglib\mpeg\id3v2\frames\popularimeterframe.h">
      <Filter>external\taglib\taglib\mpeg\id3v2\frames</Filter>
    </ClInclude>
    <ClInclude Include="external\taglib\taglib\mpeg\id3v2\frames\privateframe.h">
      <Filter>external\taglib\taglib\mpeg\id3v2\frames</Filter>
    </ClInclude>
    <ClInclude Include="external\taglib\taglib\mpeg\id3v2\frames\relativevolumeframe.h">
      <Filter>external\taglib\taglib\mpeg\id3v2\frames</Filter>
    </ClInclude>
    <ClInclude Include="external\taglib\taglib\mpeg\id3v2\frames\textidentificationframe.h">
      <Filter>external\taglib\taglib\mpeg\id3v2\frames</Filter>
    </ClInclude>
    <ClInclude Include="external\taglib\taglib\mpeg\id3v2\frames\uniquefileidentifierframe.h">
      <Filter>external\taglib\taglib\mpeg\id3v2\frames</Filter>
    </ClInclude>
    <ClInclude Include="external\taglib\taglib\mpeg\id3v2\frames\unknownframe.h">
      <Filter>external\taglib\taglib\mpeg\id3v2\frames</Filter>
    </ClInclude>
    <ClInclude Include="external\taglib\taglib\mpeg\id3v2\frames\unsynchronizedlyricsframe.h">
      <Filter>external\taglib\taglib\mpeg\id3v2\frames</Filter>
    </ClInclude>
    <ClInclude Include="external\taglib\taglib\mpeg\id3v2\frames\urllinkframe.h">
      <Filter>external\taglib\taglib\mpeg\id3v2\frames</Filter>
    </ClInclude>
    <ClInclude Include="external\taglib\taglib\ogg\oggfile.h">
      <Filter>external\taglib\taglib\ogg</Filter>
    </ClInclude>
    <ClInclude Include="external\taglib\taglib\ogg\oggpage.h">
      <Filter>external\taglib\taglib\ogg</Filter>
    </ClInclude>
    <ClInclude Include="external\taglib\taglib\ogg\oggpageheader.h">
      <Filter>external\taglib\taglib\ogg</Filter>
    </ClInclude>
    <ClInclude Include="external\taglib\taglib\ogg\xiphcomment.h">
      <Filter>external\taglib\taglib\ogg</Filter>
    </ClInclude>
    <ClInclude Include="external\taglib\taglib\ogg\flac\oggflacfile.h">
      <Filter>external\taglib\taglib\ogg\flac</Filter>
    </ClInclude>
    <ClInclude Include="external\taglib\taglib\ogg\opus\opusfile.h">
      <Filter>external\taglib\taglib\ogg\opus</Filter>
    </ClInclude>
    <ClInclude Include="external\taglib\taglib\ogg\opus\opusproperties.h">
      <Filter>external\taglib\taglib\ogg\opus</Filter>
    </ClInclude>
    <ClInclude Include="external\taglib\taglib\ogg\speex\speexfile.h">
      <Filter>external\taglib\taglib\ogg\speex</Filter>
    </ClInclude>
    <ClInclude Include="external\taglib\taglib\ogg\speex\speexproperties.h">
      <Filter>external\taglib\taglib\ogg\speex</Filter>
    </ClInclude>
    <ClInclude Include="external\taglib\taglib\ogg\vorbis\vorbisfile.h">
      <Filter>external\taglib\taglib\ogg\vorbis</Filter>
    </ClInclude>
    <ClInclude Include="external\taglib\taglib\ogg\vorbis\vorbisproperties.h">
      <Filter>external\taglib\taglib\ogg\vorbis</Filter>
    </ClInclude>
    <ClInclude Include="external\taglib\taglib\riff\rifffile.h">
      <Filter>external\taglib\taglib\riff</Filter>
    </ClInclude>
    <ClInclude Include="external\taglib\taglib\riff\aiff\aifffile.h">
      <Filter>external\taglib\taglib\riff\aiff</Filter>
    </ClInclude>
    <ClInclude Include="external\taglib\taglib\riff\aiff\aiffproperties.h">
      <Filter>external\taglib\taglib\riff\aiff</Filter>
    </ClInclude>
    <ClInclude Include="external\taglib\taglib\riff\wav\infotag.h">
      <Filter>external\taglib\taglib\riff\wav</Filter>
    </ClInclude>
    <ClInclude Include="external\taglib\taglib\riff\wav\wavfile.h">
      <Filter>external\taglib\taglib\riff\wav</Filter>
    </ClInclude>
    <ClInclude Include="external\taglib\taglib\riff\wav\wavproperties.h">
      <Filter>external\taglib\taglib\riff\wav</Filter>
    </ClInclude>
    <ClInclude Include="external\taglib\taglib\s3m\s3mfile.h">
      <Filter>external\taglib\taglib\s3m</Filter>
    </ClInclude>
    <ClInclude Include="external\taglib\taglib\s3m\s3mproperties.h">
      <Filter>external\taglib\taglib\s3m</Filter>
    </ClInclude>
    <ClInclude Include="external\taglib\taglib\toolkit\taglib.h">
      <Filter>external\taglib\taglib\toolkit</Filter>
    </ClInclude>
    <ClInclude Include="external\taglib\taglib\toolkit\tbytevector.h">
      <Filter>external\taglib\taglib\toolkit</Filter>
    </ClInclude>
    <ClInclude Include="external\taglib\taglib\toolkit\tbytevectorlist.h">
      <Filter>external\taglib\taglib\toolkit</Filter>
    </ClInclude>
    <ClInclude Include="external\taglib\taglib\toolkit\tbytevectorstream.h">
      <Filter>external\taglib\taglib\toolkit</Filter>
    </ClInclude>
    <ClInclude Include="external\taglib\taglib\toolkit\tdebug.h">
      <Filter>external\taglib\taglib\toolkit</Filter>
    </ClInclude>
    <ClInclude Include="external\taglib\taglib\toolkit\tdebuglistener.h">
      <Filter>external\taglib\taglib\toolkit</Filter>
    </ClInclude>
    <ClInclude Include="external\taglib\taglib\toolkit\tfile.h">
      <Filter>external\taglib\taglib\toolkit</Filter>
    </ClInclude>
    <ClInclude Include="external\taglib\taglib\toolkit\tfilestream.h">
      <Filter>external\taglib\taglib\toolkit</Filter>
    </ClInclude>
    <ClInclude Include="external\taglib\taglib\toolkit\tiostream.h">
      <Filter>external\taglib\taglib\toolkit</Filter>
    </ClInclude>
    <ClInclude Include="external\taglib\taglib\toolkit\tlist.h">
      <Filter>external\taglib\taglib\toolkit</Filter>
    </ClInclude>
    <ClInclude Include="external\taglib\taglib\toolkit\tmap.h">
      <Filter>external\taglib\taglib\toolkit</Filter>
    </ClInclude>
    <ClInclude Include="external\taglib\taglib\toolkit\tpropertymap.h">
      <Filter>external\taglib\taglib\toolkit</Filter>
    </ClInclude>
    <ClInclude Include="external\taglib\taglib\toolkit\trefcounter.h">
      <Filter>external\taglib\taglib\toolkit</Filter>
    </ClInclude>
    <ClInclude Include="external\taglib\taglib\toolkit\tstring.h">
      <Filter>external\taglib\taglib\toolkit</Filter>
    </ClInclude>
    <ClInclude Include="external\taglib\taglib\toolkit\tstringlist.h">
      <Filter>external\taglib\taglib\toolkit</Filter>
    </ClInclude>
    <ClInclude Include="external\taglib\taglib\toolkit\tutils.h">
      <Filter>external\taglib\taglib\toolkit</Filter>
    </ClInclude>
    <ClInclude Include="external\taglib\taglib\toolkit\unicode.h">
      <Filter>external\taglib\taglib\toolkit</Filter>
    </ClInclude>
    <ClInclude Include="external\taglib\taglib\trueaudio\trueaudiofile.h">
      <Filter>external\taglib\taglib\trueaudio</Filter>
    </ClInclude>
    <ClInclude Include="external\taglib\taglib\trueaudio\trueaudioproperties.h">
      <Filter>external\taglib\taglib\trueaudio</Filter>
    </ClInclude>
    <ClInclude Include="external\taglib\taglib\wavpack\wavpackfile.h">
      <Filter>external\taglib\taglib\wavpack</Filter>
    </ClInclude>
    <ClInclude Include="external\taglib\taglib\wavpack\wavpackproperties.h">
      <Filter>external\taglib\taglib\wavpack</Filter>
    </ClInclude>
    <ClInclude Include="external\taglib\taglib\xm\xmfile.h">
      <Filter>external\taglib\taglib\xm</Filter>
    </ClInclude>
    <ClInclude Include="external\taglib\taglib\xm\xmproperties.h">
      <Filter>external\taglib\taglib\xm</Filter>
    </ClInclude>
    <ClInclude Include="src\AutoTagger\Tagger\Tagger.h">
      <Filter>src\AutoTagger\Tagger</Filter>
    </ClInclude>
    <ClInclude Include="external\rapidjson\include\rapidjson\document.h">
      <Filter>external\rapidjson\include\rapidjson</Filter>
    </ClInclude>
    <ClInclude Include="external\rapidjson\include\rapidjson\filestream.h">
      <Filter>external\rapidjson\include\rapidjson</Filter>
    </ClInclude>
    <ClInclude Include="external\rapidjson\include\rapidjson\prettywriter.h">
      <Filter>external\rapidjson\include\rapidjson</Filter>
    </ClInclude>
    <ClInclude Include="external\rapidjson\include\rapidjson\rapidjson.h">
      <Filter>external\rapidjson\include\rapidjson</Filter>
    </ClInclude>
    <ClInclude Include="external\rapidjson\include\rapidjson\reader.h">
      <Filter>external\rapidjson\include\rapidjson</Filter>
    </ClInclude>
    <ClInclude Include="external\rapidjson\include\rapidjson\stringbuffer.h">
      <Filter>external\rapidjson\include\rapidjson</Filter>
    </ClInclude>
    <ClInclude Include="external\rapidjson\include\rapidjson\writer.h">
      <Filter>external\rapidjson\include\rapidjson</Filter>
    </ClInclude>
    <ClInclude Include="external\rapidjson\include\rapidjson\internal\pow10.h">
      <Filter>external\rapidjson\include\rapidjson\internal</Filter>
    </ClInclude>
    <ClInclude Include="external\rapidjson\include\rapidjson\internal\stack.h">
      <Filter>external\rapidjson\include\rapidjson\internal</Filter>
    </ClInclude>
    <ClInclude Include="external\rapidjson\include\rapidjson\internal\strfunc.h">
      <Filter>external\rapidjson\include\rapidjson\internal</Filter>
    </ClInclude>
    <ClInclude Include="src\AutoTagger\Scraper\iTunesLookupScraper.h">
      <Filter>src\AutoTagger\Scraper</Filter>
    </ClInclude>
    <ClInclude Include="external\dirent\include\dirent.h">
      <Filter>external\dirent\include</Filter>
    </ClInclude>
  </ItemGroup>
  <ItemGroup>
    <Text Include="external\taglib\taglib\ape\ape-tag-format.txt">
      <Filter>external\taglib\taglib\ape</Filter>
    </Text>
    <Text Include="external\taglib\taglib\mpeg\id3v2\id3v2.2.0.txt">
      <Filter>external\taglib\taglib\mpeg\id3v2</Filter>
    </Text>
    <Text Include="external\taglib\taglib\mpeg\id3v2\id3v2.3.0.txt">
      <Filter>external\taglib\taglib\mpeg\id3v2</Filter>
    </Text>
    <Text Include="external\taglib\taglib\mpeg\id3v2\id3v2.4.0-frames.txt">
      <Filter>external\taglib\taglib\mpeg\id3v2</Filter>
    </Text>
    <Text Include="external\taglib\taglib\mpeg\id3v2\id3v2.4.0-structure.txt">
      <Filter>external\taglib\taglib\mpeg\id3v2</Filter>
    </Text>
  </ItemGroup>
  <ItemGroup>
    <None Include="external\taglib\taglib\toolkit\tlist.tcc">
      <Filter>external\taglib\taglib\toolkit</Filter>
    </None>
    <None Include="external\taglib\taglib\toolkit\tmap.tcc">
      <Filter>external\taglib\taglib\toolkit</Filter>
    </None>
  </ItemGroup>
</Project>