<?xml version="1.0" encoding="utf-8"?>
<Project ToolsVersion="4.0" xmlns="http://schemas.microsoft.com/developer/msbuild/2003">
  <ItemGroup>
    <Filter Include="src">
      <UniqueIdentifier>{6aa8e27e-608c-45e6-8678-1592b38bd124}</UniqueIdentifier>
    </Filter>
    <Filter Include="src\AutoTagger">
      <UniqueIdentifier>{0afa8b2a-3875-413d-993b-7c89f2403502}</UniqueIdentifier>
    </Filter>
  </ItemGroup>
  <ItemGroup>
    <ClCompile Include="src\main.cpp">
      <Filter>src</Filter>
    </ClCompile>
    <ClCompile Include="src\AutoTagger\WebRequest.cpp">
      <Filter>src\AutoTagger</Filter>
    </ClCompile>
  </ItemGroup>
  <ItemGroup>
    <ClInclude Include="src\AutoTagger\WebRequest.h">
      <Filter>src\AutoTagger</Filter>
    </ClInclude>
    <ClInclude Include="src\AutoTagger\AutoTagger.h">
      <Filter>src\AutoTagger</Filter>
    </ClInclude>
  </ItemGroup>
</Project>